
Microsoft Visual Studio Solution File, Format Version 12.00
# Visual Studio Version 17
VisualStudioVersion = 17.11.35327.3
MinimumVisualStudioVersion = 10.0.40219.1
Project("{FAE04EC0-301F-11D3-BF4B-00C04F79EFBC}") = "InventoryVenturus", "InventoryVenturus\InventoryVenturus.csproj", "{04FA4CC5-6EDC-47E2-8FC6-0684B8697DF6}"
EndProject
Global
	GlobalSection(SolutionConfigurationPlatforms) = preSolution
		Debug|Any CPU = Debug|Any CPU
		Release|Any CPU = Release|Any CPU
	EndGlobalSection
	GlobalSection(ProjectConfigurationPlatforms) = postSolution
		{04FA4CC5-6EDC-47E2-8FC6-0684B8697DF6}.Debug|Any CPU.ActiveCfg = Debug|Any CPU
		{04FA4CC5-6EDC-47E2-8FC6-0684B8697DF6}.Debug|Any CPU.Build.0 = Debug|Any CPU
		{04FA4CC5-6EDC-47E2-8FC6-0684B8697DF6}.Release|Any CPU.ActiveCfg = Release|Any CPU
		{04FA4CC5-6EDC-47E2-8FC6-0684B8697DF6}.Release|Any CPU.Build.0 = Release|Any CPU
	EndGlobalSection
	GlobalSection(SolutionProperties) = preSolution
		HideSolutionNode = FALSE
	EndGlobalSection
	GlobalSection(ExtensibilityGlobals) = postSolution
		SolutionGuid = {217A66B9-BDCA-424F-A9BD-82056C24DE4E}
	EndGlobalSection
EndGlobal
